
Microsoft Visual Studio Solution File, Format Version 12.00
# Visual Studio Version 17
VisualStudioVersion = 17.3.32922.545
MinimumVisualStudioVersion = 10.0.40219.1
Project("{FAE04EC0-301F-11D3-BF4B-00C04F79EFBC}") = "Faceit_Stats_Provider", "Faceit_Stats_Provider\Faceit_Stats_Provider.csproj", "{1A221D4C-1AF9-48F9-88D7-04D1CC2E5317}"
EndProject
Global
	GlobalSection(SolutionConfigurationPlatforms) = preSolution
		Debug|Any CPU = Debug|Any CPU
		Release|Any CPU = Release|Any CPU
	EndGlobalSection
	GlobalSection(ProjectConfigurationPlatforms) = postSolution
		{1A221D4C-1AF9-48F9-88D7-04D1CC2E5317}.Debug|Any CPU.ActiveCfg = Debug|Any CPU
		{1A221D4C-1AF9-48F9-88D7-04D1CC2E5317}.Debug|Any CPU.Build.0 = Debug|Any CPU
		{1A221D4C-1AF9-48F9-88D7-04D1CC2E5317}.Release|Any CPU.ActiveCfg = Release|Any CPU
		{1A221D4C-1AF9-48F9-88D7-04D1CC2E5317}.Release|Any CPU.Build.0 = Release|Any CPU
	EndGlobalSection
	GlobalSection(SolutionProperties) = preSolution
		HideSolutionNode = FALSE
	EndGlobalSection
	GlobalSection(ExtensibilityGlobals) = postSolution
		SolutionGuid = {91D9F652-393F-4A00-8BB6-877F4BD91758}
	EndGlobalSection
EndGlobal
